
Microsoft Visual Studio Solution File, Format Version 12.00
# Visual Studio 14
VisualStudioVersion = 14.0.25420.1
MinimumVisualStudioVersion = 10.0.40219.1
Project("{2150E333-8FDC-42A3-9474-1A3956D46DE8}") = "Chapter1", "Chapter1", "{20E0972D-875E-4594-9A9F-03104F9CBFA6}"
EndProject
Project("{2150E333-8FDC-42A3-9474-1A3956D46DE8}") = "Objective1.1", "Objective1.1", "{50B4815D-C23B-4E93-B386-064E909C373B}"
EndProject
Project("{FAE04EC0-301F-11D3-BF4B-00C04F79EFBC}") = "Listing1_1", "Listing1-1\Listing1_1.csproj", "{9D1B10CA-7428-4F3A-90F3-E1F55E3124EC}"
EndProject
Project("{FAE04EC0-301F-11D3-BF4B-00C04F79EFBC}") = "Listing1_2", "Listing1_2\Listing1_2.csproj", "{A85C4D02-289F-4C70-A0B8-B00C0F84FFAE}"
EndProject
Project("{FAE04EC0-301F-11D3-BF4B-00C04F79EFBC}") = "Listing1_3", "Listing1_3\Listing1_3.csproj", "{390E6BA7-B1C5-422B-A6D3-7CF6584868E2}"
EndProject
Project("{FAE04EC0-301F-11D3-BF4B-00C04F79EFBC}") = "Listing1_4", "Listing1_4\Listing1_4.csproj", "{F720FB3D-08FB-4B26-BA4D-AC32C689A07E}"
EndProject
Project("{FAE04EC0-301F-11D3-BF4B-00C04F79EFBC}") = "Listing1_5", "Listing1_5\Listing1_5.csproj", "{D022197A-A6FE-417D-B401-D9B6016E1250}"
EndProject
Project("{FAE04EC0-301F-11D3-BF4B-00C04F79EFBC}") = "Listing1_6", "Listing1_6\Listing1_6.csproj", "{6596FE46-D89B-4258-9D7E-95D1CDF4E86D}"
EndProject
Project("{FAE04EC0-301F-11D3-BF4B-00C04F79EFBC}") = "Listing1_7", "Listing1_7\Listing1_7.csproj", "{B6B9493E-7A08-4AEA-81E2-0A3BEE90DBBE}"
EndProject
Project("{FAE04EC0-301F-11D3-BF4B-00C04F79EFBC}") = "Listing1_8", "Listing1_8\Listing1_8.csproj", "{DB2842DA-CA4B-484A-A87D-40DFA104F4F5}"
EndProject
Project("{FAE04EC0-301F-11D3-BF4B-00C04F79EFBC}") = "Listing1_9", "Listing1_9\Listing1_9.csproj", "{F1B25850-E58B-4C71-BD86-D4E0CEF8F393}"
EndProject
Project("{FAE04EC0-301F-11D3-BF4B-00C04F79EFBC}") = "Listing1_10", "Listing1_10\Listing1_10.csproj", "{1157130E-0A89-432D-9EF3-3B194EC804D2}"
EndProject
Project("{FAE04EC0-301F-11D3-BF4B-00C04F79EFBC}") = "Listing1_11", "Listing1_11\Listing1_11.csproj", "{5CEB9FD8-6901-4AB3-BDEC-CC47669D0633}"
EndProject
Project("{FAE04EC0-301F-11D3-BF4B-00C04F79EFBC}") = "Listing1_12", "Listing1_12\Listing1_12.csproj", "{C07098B7-486E-4DD9-A872-E3BC503F888A}"
EndProject
Project("{FAE04EC0-301F-11D3-BF4B-00C04F79EFBC}") = "Listing1_13", "Listing1_13\Listing1_13.csproj", "{169D780E-9767-4CC7-A936-0B7D7140806E}"
EndProject
Global
	GlobalSection(SolutionConfigurationPlatforms) = preSolution
		Debug|Any CPU = Debug|Any CPU
		Release|Any CPU = Release|Any CPU
	EndGlobalSection
	GlobalSection(ProjectConfigurationPlatforms) = postSolution
		{9D1B10CA-7428-4F3A-90F3-E1F55E3124EC}.Debug|Any CPU.ActiveCfg = Debug|Any CPU
		{9D1B10CA-7428-4F3A-90F3-E1F55E3124EC}.Debug|Any CPU.Build.0 = Debug|Any CPU
		{9D1B10CA-7428-4F3A-90F3-E1F55E3124EC}.Release|Any CPU.ActiveCfg = Release|Any CPU
		{9D1B10CA-7428-4F3A-90F3-E1F55E3124EC}.Release|Any CPU.Build.0 = Release|Any CPU
		{A85C4D02-289F-4C70-A0B8-B00C0F84FFAE}.Debug|Any CPU.ActiveCfg = Debug|Any CPU
		{A85C4D02-289F-4C70-A0B8-B00C0F84FFAE}.Debug|Any CPU.Build.0 = Debug|Any CPU
		{A85C4D02-289F-4C70-A0B8-B00C0F84FFAE}.Release|Any CPU.ActiveCfg = Release|Any CPU
		{A85C4D02-289F-4C70-A0B8-B00C0F84FFAE}.Release|Any CPU.Build.0 = Release|Any CPU
		{390E6BA7-B1C5-422B-A6D3-7CF6584868E2}.Debug|Any CPU.ActiveCfg = Debug|Any CPU
		{390E6BA7-B1C5-422B-A6D3-7CF6584868E2}.Debug|Any CPU.Build.0 = Debug|Any CPU
		{390E6BA7-B1C5-422B-A6D3-7CF6584868E2}.Release|Any CPU.ActiveCfg = Release|Any CPU
		{390E6BA7-B1C5-422B-A6D3-7CF6584868E2}.Release|Any CPU.Build.0 = Release|Any CPU
		{F720FB3D-08FB-4B26-BA4D-AC32C689A07E}.Debug|Any CPU.ActiveCfg = Debug|Any CPU
		{F720FB3D-08FB-4B26-BA4D-AC32C689A07E}.Debug|Any CPU.Build.0 = Debug|Any CPU
		{F720FB3D-08FB-4B26-BA4D-AC32C689A07E}.Release|Any CPU.ActiveCfg = Release|Any CPU
		{F720FB3D-08FB-4B26-BA4D-AC32C689A07E}.Release|Any CPU.Build.0 = Release|Any CPU
		{D022197A-A6FE-417D-B401-D9B6016E1250}.Debug|Any CPU.ActiveCfg = Debug|Any CPU
		{D022197A-A6FE-417D-B401-D9B6016E1250}.Debug|Any CPU.Build.0 = Debug|Any CPU
		{D022197A-A6FE-417D-B401-D9B6016E1250}.Release|Any CPU.ActiveCfg = Release|Any CPU
		{D022197A-A6FE-417D-B401-D9B6016E1250}.Release|Any CPU.Build.0 = Release|Any CPU
		{6596FE46-D89B-4258-9D7E-95D1CDF4E86D}.Debug|Any CPU.ActiveCfg = Debug|Any CPU
		{6596FE46-D89B-4258-9D7E-95D1CDF4E86D}.Debug|Any CPU.Build.0 = Debug|Any CPU
		{6596FE46-D89B-4258-9D7E-95D1CDF4E86D}.Release|Any CPU.ActiveCfg = Release|Any CPU
		{6596FE46-D89B-4258-9D7E-95D1CDF4E86D}.Release|Any CPU.Build.0 = Release|Any CPU
		{B6B9493E-7A08-4AEA-81E2-0A3BEE90DBBE}.Debug|Any CPU.ActiveCfg = Debug|Any CPU
		{B6B9493E-7A08-4AEA-81E2-0A3BEE90DBBE}.Debug|Any CPU.Build.0 = Debug|Any CPU
		{B6B9493E-7A08-4AEA-81E2-0A3BEE90DBBE}.Release|Any CPU.ActiveCfg = Release|Any CPU
		{B6B9493E-7A08-4AEA-81E2-0A3BEE90DBBE}.Release|Any CPU.Build.0 = Release|Any CPU
		{DB2842DA-CA4B-484A-A87D-40DFA104F4F5}.Debug|Any CPU.ActiveCfg = Debug|Any CPU
		{DB2842DA-CA4B-484A-A87D-40DFA104F4F5}.Debug|Any CPU.Build.0 = Debug|Any CPU
		{DB2842DA-CA4B-484A-A87D-40DFA104F4F5}.Release|Any CPU.ActiveCfg = Release|Any CPU
		{DB2842DA-CA4B-484A-A87D-40DFA104F4F5}.Release|Any CPU.Build.0 = Release|Any CPU
		{F1B25850-E58B-4C71-BD86-D4E0CEF8F393}.Debug|Any CPU.ActiveCfg = Debug|Any CPU
		{F1B25850-E58B-4C71-BD86-D4E0CEF8F393}.Debug|Any CPU.Build.0 = Debug|Any CPU
		{F1B25850-E58B-4C71-BD86-D4E0CEF8F393}.Release|Any CPU.ActiveCfg = Release|Any CPU
		{F1B25850-E58B-4C71-BD86-D4E0CEF8F393}.Release|Any CPU.Build.0 = Release|Any CPU
		{1157130E-0A89-432D-9EF3-3B194EC804D2}.Debug|Any CPU.ActiveCfg = Debug|Any CPU
		{1157130E-0A89-432D-9EF3-3B194EC804D2}.Debug|Any CPU.Build.0 = Debug|Any CPU
		{1157130E-0A89-432D-9EF3-3B194EC804D2}.Release|Any CPU.ActiveCfg = Release|Any CPU
		{1157130E-0A89-432D-9EF3-3B194EC804D2}.Release|Any CPU.Build.0 = Release|Any CPU
		{5CEB9FD8-6901-4AB3-BDEC-CC47669D0633}.Debug|Any CPU.ActiveCfg = Debug|Any CPU
		{5CEB9FD8-6901-4AB3-BDEC-CC47669D0633}.Debug|Any CPU.Build.0 = Debug|Any CPU
		{5CEB9FD8-6901-4AB3-BDEC-CC47669D0633}.Release|Any CPU.ActiveCfg = Release|Any CPU
		{5CEB9FD8-6901-4AB3-BDEC-CC47669D0633}.Release|Any CPU.Build.0 = Release|Any CPU
		{C07098B7-486E-4DD9-A872-E3BC503F888A}.Debug|Any CPU.ActiveCfg = Debug|Any CPU
		{C07098B7-486E-4DD9-A872-E3BC503F888A}.Debug|Any CPU.Build.0 = Debug|Any CPU
		{C07098B7-486E-4DD9-A872-E3BC503F888A}.Release|Any CPU.ActiveCfg = Release|Any CPU
		{C07098B7-486E-4DD9-A872-E3BC503F888A}.Release|Any CPU.Build.0 = Release|Any CPU
		{169D780E-9767-4CC7-A936-0B7D7140806E}.Debug|Any CPU.ActiveCfg = Debug|Any CPU
		{169D780E-9767-4CC7-A936-0B7D7140806E}.Debug|Any CPU.Build.0 = Debug|Any CPU
		{169D780E-9767-4CC7-A936-0B7D7140806E}.Release|Any CPU.ActiveCfg = Release|Any CPU
		{169D780E-9767-4CC7-A936-0B7D7140806E}.Release|Any CPU.Build.0 = Release|Any CPU
	EndGlobalSection
	GlobalSection(SolutionProperties) = preSolution
		HideSolutionNode = FALSE
	EndGlobalSection
	GlobalSection(NestedProjects) = preSolution
		{50B4815D-C23B-4E93-B386-064E909C373B} = {20E0972D-875E-4594-9A9F-03104F9CBFA6}
		{9D1B10CA-7428-4F3A-90F3-E1F55E3124EC} = {50B4815D-C23B-4E93-B386-064E909C373B}
		{A85C4D02-289F-4C70-A0B8-B00C0F84FFAE} = {50B4815D-C23B-4E93-B386-064E909C373B}
		{390E6BA7-B1C5-422B-A6D3-7CF6584868E2} = {50B4815D-C23B-4E93-B386-064E909C373B}
		{F720FB3D-08FB-4B26-BA4D-AC32C689A07E} = {50B4815D-C23B-4E93-B386-064E909C373B}
		{D022197A-A6FE-417D-B401-D9B6016E1250} = {50B4815D-C23B-4E93-B386-064E909C373B}
		{6596FE46-D89B-4258-9D7E-95D1CDF4E86D} = {50B4815D-C23B-4E93-B386-064E909C373B}
		{B6B9493E-7A08-4AEA-81E2-0A3BEE90DBBE} = {50B4815D-C23B-4E93-B386-064E909C373B}
		{DB2842DA-CA4B-484A-A87D-40DFA104F4F5} = {50B4815D-C23B-4E93-B386-064E909C373B}
		{F1B25850-E58B-4C71-BD86-D4E0CEF8F393} = {50B4815D-C23B-4E93-B386-064E909C373B}
		{1157130E-0A89-432D-9EF3-3B194EC804D2} = {50B4815D-C23B-4E93-B386-064E909C373B}
		{5CEB9FD8-6901-4AB3-BDEC-CC47669D0633} = {50B4815D-C23B-4E93-B386-064E909C373B}
		{C07098B7-486E-4DD9-A872-E3BC503F888A} = {50B4815D-C23B-4E93-B386-064E909C373B}
		{169D780E-9767-4CC7-A936-0B7D7140806E} = {50B4815D-C23B-4E93-B386-064E909C373B}
	EndGlobalSection
EndGlobal
